
Microsoft Visual Studio Solution File, Format Version 12.00
# Visual Studio Version 16
VisualStudioVersion = 16.0.28315.86
MinimumVisualStudioVersion = 10.0.40219.1
Project("{9A19103F-16F7-4668-BE54-9A1E7A4F7556}") = "Day1", "src\Day1\Day1.csproj", "{00C537BC-C172-4147-809B-6D4F62230D77}"
EndProject
Project("{9A19103F-16F7-4668-BE54-9A1E7A4F7556}") = "Day2", "src\Day2\Day2.csproj", "{CBE749E4-8D3F-4DD8-8668-A3BEF57C2A1A}"
EndProject
Project("{9A19103F-16F7-4668-BE54-9A1E7A4F7556}") = "Day3", "src\Day3\Day3.csproj", "{D7AB80F8-61EE-431B-A3E0-C9367CA2776C}"
EndProject
Project("{9A19103F-16F7-4668-BE54-9A1E7A4F7556}") = "Day4", "src\Day4\Day4.csproj", "{F4FBF241-5E53-4B16-83E6-4DF390398CFD}"
EndProject
Project("{9A19103F-16F7-4668-BE54-9A1E7A4F7556}") = "Day6", "src\Day6\Day6.csproj", "{E4160160-4B4D-4DD9-BD21-0C84A2B0864A}"
EndProject
Project("{9A19103F-16F7-4668-BE54-9A1E7A4F7556}") = "Day7", "src\Day7\Day7.csproj", "{844639E8-40B2-42CA-A22C-C596418B6D63}"
EndProject
Project("{9A19103F-16F7-4668-BE54-9A1E7A4F7556}") = "Day8", "src\Day8\Day8.csproj", "{00BEFEDC-5D91-441B-A6FB-73609E7E37E5}"
EndProject
Project("{9A19103F-16F7-4668-BE54-9A1E7A4F7556}") = "Day5", "src\Day5\Day5.csproj", "{CE6B1A89-A33D-4893-BE88-3E6E1BA38C87}"
EndProject
Project("{2150E333-8FDC-42A3-9474-1A3956D46DE8}") = "src", "src", "{3B2DD7BD-BA0B-4644-BE0B-007F35FD3951}"
EndProject
Project("{9A19103F-16F7-4668-BE54-9A1E7A4F7556}") = "Day9", "src\Day9\Day9.csproj", "{1DECD614-A0CD-452A-B9EF-E4D4CB51EF31}"
EndProject
Project("{2150E333-8FDC-42A3-9474-1A3956D46DE8}") = "tests", "tests", "{5C0324FC-4C82-4F0B-9311-48BA0DB9EDAC}"
EndProject
Project("{9A19103F-16F7-4668-BE54-9A1E7A4F7556}") = "ExampleInputs", "tests\ExampleInputs\ExampleInputs.csproj", "{D4C5B665-3E12-4DE2-9CE5-1B1758C5934A}"
EndProject
Project("{9A19103F-16F7-4668-BE54-9A1E7A4F7556}") = "Day10", "src\Day10\Day10.csproj", "{4C0FC4E4-4303-4812-A10D-E36B121D1B80}"
EndProject
Global
	GlobalSection(SolutionConfigurationPlatforms) = preSolution
		Debug|Any CPU = Debug|Any CPU
		Release|Any CPU = Release|Any CPU
	EndGlobalSection
	GlobalSection(ProjectConfigurationPlatforms) = postSolution
		{00C537BC-C172-4147-809B-6D4F62230D77}.Debug|Any CPU.ActiveCfg = Debug|Any CPU
		{00C537BC-C172-4147-809B-6D4F62230D77}.Debug|Any CPU.Build.0 = Debug|Any CPU
		{00C537BC-C172-4147-809B-6D4F62230D77}.Release|Any CPU.ActiveCfg = Release|Any CPU
		{00C537BC-C172-4147-809B-6D4F62230D77}.Release|Any CPU.Build.0 = Release|Any CPU
		{CBE749E4-8D3F-4DD8-8668-A3BEF57C2A1A}.Debug|Any CPU.ActiveCfg = Debug|Any CPU
		{CBE749E4-8D3F-4DD8-8668-A3BEF57C2A1A}.Debug|Any CPU.Build.0 = Debug|Any CPU
		{CBE749E4-8D3F-4DD8-8668-A3BEF57C2A1A}.Release|Any CPU.ActiveCfg = Release|Any CPU
		{CBE749E4-8D3F-4DD8-8668-A3BEF57C2A1A}.Release|Any CPU.Build.0 = Release|Any CPU
		{D7AB80F8-61EE-431B-A3E0-C9367CA2776C}.Debug|Any CPU.ActiveCfg = Debug|Any CPU
		{D7AB80F8-61EE-431B-A3E0-C9367CA2776C}.Debug|Any CPU.Build.0 = Debug|Any CPU
		{D7AB80F8-61EE-431B-A3E0-C9367CA2776C}.Release|Any CPU.ActiveCfg = Release|Any CPU
		{D7AB80F8-61EE-431B-A3E0-C9367CA2776C}.Release|Any CPU.Build.0 = Release|Any CPU
		{F4FBF241-5E53-4B16-83E6-4DF390398CFD}.Debug|Any CPU.ActiveCfg = Debug|Any CPU
		{F4FBF241-5E53-4B16-83E6-4DF390398CFD}.Debug|Any CPU.Build.0 = Debug|Any CPU
		{F4FBF241-5E53-4B16-83E6-4DF390398CFD}.Release|Any CPU.ActiveCfg = Release|Any CPU
		{F4FBF241-5E53-4B16-83E6-4DF390398CFD}.Release|Any CPU.Build.0 = Release|Any CPU
		{E4160160-4B4D-4DD9-BD21-0C84A2B0864A}.Debug|Any CPU.ActiveCfg = Debug|Any CPU
		{E4160160-4B4D-4DD9-BD21-0C84A2B0864A}.Debug|Any CPU.Build.0 = Debug|Any CPU
		{E4160160-4B4D-4DD9-BD21-0C84A2B0864A}.Release|Any CPU.ActiveCfg = Release|Any CPU
		{E4160160-4B4D-4DD9-BD21-0C84A2B0864A}.Release|Any CPU.Build.0 = Release|Any CPU
		{844639E8-40B2-42CA-A22C-C596418B6D63}.Debug|Any CPU.ActiveCfg = Debug|Any CPU
		{844639E8-40B2-42CA-A22C-C596418B6D63}.Debug|Any CPU.Build.0 = Debug|Any CPU
		{844639E8-40B2-42CA-A22C-C596418B6D63}.Release|Any CPU.ActiveCfg = Release|Any CPU
		{844639E8-40B2-42CA-A22C-C596418B6D63}.Release|Any CPU.Build.0 = Release|Any CPU
		{00BEFEDC-5D91-441B-A6FB-73609E7E37E5}.Debug|Any CPU.ActiveCfg = Debug|Any CPU
		{00BEFEDC-5D91-441B-A6FB-73609E7E37E5}.Debug|Any CPU.Build.0 = Debug|Any CPU
		{00BEFEDC-5D91-441B-A6FB-73609E7E37E5}.Release|Any CPU.ActiveCfg = Release|Any CPU
		{00BEFEDC-5D91-441B-A6FB-73609E7E37E5}.Release|Any CPU.Build.0 = Release|Any CPU
		{CE6B1A89-A33D-4893-BE88-3E6E1BA38C87}.Debug|Any CPU.ActiveCfg = Debug|Any CPU
		{CE6B1A89-A33D-4893-BE88-3E6E1BA38C87}.Debug|Any CPU.Build.0 = Debug|Any CPU
		{CE6B1A89-A33D-4893-BE88-3E6E1BA38C87}.Release|Any CPU.ActiveCfg = Release|Any CPU
		{CE6B1A89-A33D-4893-BE88-3E6E1BA38C87}.Release|Any CPU.Build.0 = Release|Any CPU
		{1DECD614-A0CD-452A-B9EF-E4D4CB51EF31}.Debug|Any CPU.ActiveCfg = Debug|Any CPU
		{1DECD614-A0CD-452A-B9EF-E4D4CB51EF31}.Debug|Any CPU.Build.0 = Debug|Any CPU
		{1DECD614-A0CD-452A-B9EF-E4D4CB51EF31}.Release|Any CPU.ActiveCfg = Release|Any CPU
		{1DECD614-A0CD-452A-B9EF-E4D4CB51EF31}.Release|Any CPU.Build.0 = Release|Any CPU
		{D4C5B665-3E12-4DE2-9CE5-1B1758C5934A}.Debug|Any CPU.ActiveCfg = Debug|Any CPU
		{D4C5B665-3E12-4DE2-9CE5-1B1758C5934A}.Debug|Any CPU.Build.0 = Debug|Any CPU
		{D4C5B665-3E12-4DE2-9CE5-1B1758C5934A}.Release|Any CPU.ActiveCfg = Release|Any CPU
		{D4C5B665-3E12-4DE2-9CE5-1B1758C5934A}.Release|Any CPU.Build.0 = Release|Any CPU
		{4C0FC4E4-4303-4812-A10D-E36B121D1B80}.Debug|Any CPU.ActiveCfg = Debug|Any CPU
		{4C0FC4E4-4303-4812-A10D-E36B121D1B80}.Debug|Any CPU.Build.0 = Debug|Any CPU
		{4C0FC4E4-4303-4812-A10D-E36B121D1B80}.Release|Any CPU.ActiveCfg = Release|Any CPU
		{4C0FC4E4-4303-4812-A10D-E36B121D1B80}.Release|Any CPU.Build.0 = Release|Any CPU
	EndGlobalSection
	GlobalSection(SolutionProperties) = preSolution
		HideSolutionNode = FALSE
	EndGlobalSection
	GlobalSection(NestedProjects) = preSolution
		{00C537BC-C172-4147-809B-6D4F62230D77} = {3B2DD7BD-BA0B-4644-BE0B-007F35FD3951}
		{CBE749E4-8D3F-4DD8-8668-A3BEF57C2A1A} = {3B2DD7BD-BA0B-4644-BE0B-007F35FD3951}
		{D7AB80F8-61EE-431B-A3E0-C9367CA2776C} = {3B2DD7BD-BA0B-4644-BE0B-007F35FD3951}
		{F4FBF241-5E53-4B16-83E6-4DF390398CFD} = {3B2DD7BD-BA0B-4644-BE0B-007F35FD3951}
		{E4160160-4B4D-4DD9-BD21-0C84A2B0864A} = {3B2DD7BD-BA0B-4644-BE0B-007F35FD3951}
		{844639E8-40B2-42CA-A22C-C596418B6D63} = {3B2DD7BD-BA0B-4644-BE0B-007F35FD3951}
		{00BEFEDC-5D91-441B-A6FB-73609E7E37E5} = {3B2DD7BD-BA0B-4644-BE0B-007F35FD3951}
		{CE6B1A89-A33D-4893-BE88-3E6E1BA38C87} = {3B2DD7BD-BA0B-4644-BE0B-007F35FD3951}
		{1DECD614-A0CD-452A-B9EF-E4D4CB51EF31} = {3B2DD7BD-BA0B-4644-BE0B-007F35FD3951}
		{D4C5B665-3E12-4DE2-9CE5-1B1758C5934A} = {5C0324FC-4C82-4F0B-9311-48BA0DB9EDAC}
		{4C0FC4E4-4303-4812-A10D-E36B121D1B80} = {3B2DD7BD-BA0B-4644-BE0B-007F35FD3951}
	EndGlobalSection
	GlobalSection(ExtensibilityGlobals) = postSolution
		SolutionGuid = {4C832398-81ED-4E33-AD33-AAF3A9F81AF7}
	EndGlobalSection
EndGlobal
